
Microsoft Visual Studio Solution File, Format Version 12.00
# Visual Studio Version 17
VisualStudioVersion = 17.9.34616.47
MinimumVisualStudioVersion = 10.0.40219.1
Project("{FAE04EC0-301F-11D3-BF4B-00C04F79EFBC}") = "Tic80", "Tic80.csproj", "{BEEE5597-6838-4968-96DA-6497D49E20EF}"
EndProject
Global
	GlobalSection(SolutionConfigurationPlatforms) = preSolution
		Debug|Any CPU = Debug|Any CPU
		Release|Any CPU = Release|Any CPU
	EndGlobalSection
	GlobalSection(ProjectConfigurationPlatforms) = postSolution
		{BEEE5597-6838-4968-96DA-6497D49E20EF}.Debug|Any CPU.ActiveCfg = Debug|Any CPU
		{BEEE5597-6838-4968-96DA-6497D49E20EF}.Debug|Any CPU.Build.0 = Debug|Any CPU
		{BEEE5597-6838-4968-96DA-6497D49E20EF}.Release|Any CPU.ActiveCfg = Release|Any CPU
		{BEEE5597-6838-4968-96DA-6497D49E20EF}.Release|Any CPU.Build.0 = Release|Any CPU
	EndGlobalSection
	GlobalSection(SolutionProperties) = preSolution
		HideSolutionNode = FALSE
	EndGlobalSection
	GlobalSection(ExtensibilityGlobals) = postSolution
		SolutionGuid = {7B8B979D-AADB-4284-8763-9B18AFEE47C7}
	EndGlobalSection
EndGlobal
